// !$*UTF8*$!
{
	archiveVersion = 1;
	classes = {
	};
	objectVersion = 56;
	objects = {

/* Begin PBXBuildFile section */
		87A847AA2AD5D4110094BBB3 /* USForecastsApp.swift in Sources */ = {isa = PBXBuildFile; fileRef = 87A847A92AD5D4110094BBB3 /* USForecastsApp.swift */; };
		87A847AC2AD5D4110094BBB3 /* ContentView.swift in Sources */ = {isa = PBXBuildFile; fileRef = 87A847AB2AD5D4110094BBB3 /* ContentView.swift */; };
		87A847AE2AD5D4110094BBB3 /* Item.swift in Sources */ = {isa = PBXBuildFile; fileRef = 87A847AD2AD5D4110094BBB3 /* Item.swift */; };
		87A847B02AD5D4120094BBB3 /* Assets.xcassets in Resources */ = {isa = PBXBuildFile; fileRef = 87A847AF2AD5D4120094BBB3 /* Assets.xcassets */; };
		87A847B32AD5D4120094BBB3 /* Preview Assets.xcassets in Resources */ = {isa = PBXBuildFile; fileRef = 87A847B22AD5D4120094BBB3 /* Preview Assets.xcassets */; };
		87A847BF2AD5D4120094BBB3 /* USForecastsTests.swift in Sources */ = {isa = PBXBuildFile; fileRef = 87A847BE2AD5D4120094BBB3 /* USForecastsTests.swift */; };
		87A847C92AD5D4120094BBB3 /* USForecastsUITests.swift in Sources */ = {isa = PBXBuildFile; fileRef = 87A847C82AD5D4120094BBB3 /* USForecastsUITests.swift */; };
		87A847CB2AD5D4120094BBB3 /* USForecastsUITestsLaunchTests.swift in Sources */ = {isa = PBXBuildFile; fileRef = 87A847CA2AD5D4120094BBB3 /* USForecastsUITestsLaunchTests.swift */; };
/* End PBXBuildFile section */

/* Begin PBXContainerItemProxy section */
		87A847BB2AD5D4120094BBB3 /* PBXContainerItemProxy */ = {
			isa = PBXContainerItemProxy;
			containerPortal = 87A8479E2AD5D4110094BBB3 /* Project object */;
			proxyType = 1;
			remoteGlobalIDString = 87A847A52AD5D4110094BBB3;
			remoteInfo = USForecasts;
		};
		87A847C52AD5D4120094BBB3 /* PBXContainerItemProxy */ = {
			isa = PBXContainerItemProxy;
			containerPortal = 87A8479E2AD5D4110094BBB3 /* Project object */;
			proxyType = 1;
			remoteGlobalIDString = 87A847A52AD5D4110094BBB3;
			remoteInfo = USForecasts;
		};
/* End PBXContainerItemProxy section */

/* Begin PBXFileReference section */
		87A847A62AD5D4110094BBB3 /* USForecasts.app */ = {isa = PBXFileReference; explicitFileType = wrapper.application; includeInIndex = 0; path = USForecasts.app; sourceTree = BUILT_PRODUCTS_DIR; };
		87A847A92AD5D4110094BBB3 /* USForecastsApp.swift */ = {isa = PBXFileReference; lastKnownFileType = sourcecode.swift; path = USForecastsApp.swift; sourceTree = "<group>"; };
		87A847AB2AD5D4110094BBB3 /* ContentView.swift */ = {isa = PBXFileReference; lastKnownFileType = sourcecode.swift; path = ContentView.swift; sourceTree = "<group>"; };
		87A847AD2AD5D4110094BBB3 /* Item.swift */ = {isa = PBXFileReference; lastKnownFileType = sourcecode.swift; path = Item.swift; sourceTree = "<group>"; };
		87A847AF2AD5D4120094BBB3 /* Assets.xcassets */ = {isa = PBXFileReference; lastKnownFileType = folder.assetcatalog; path = Assets.xcassets; sourceTree = "<group>"; };
		87A847B22AD5D4120094BBB3 /* Preview Assets.xcassets */ = {isa = PBXFileReference; lastKnownFileType = folder.assetcatalog; path = "Preview Assets.xcassets"; sourceTree = "<group>"; };
		87A847B42AD5D4120094BBB3 /* USForecasts.entitlements */ = {isa = PBXFileReference; lastKnownFileType = text.plist.entitlements; path = USForecasts.entitlements; sourceTree = "<group>"; };
		87A847B52AD5D4120094BBB3 /* Info.plist */ = {isa = PBXFileReference; lastKnownFileType = text.plist.xml; path = Info.plist; sourceTree = "<group>"; };
		87A847BA2AD5D4120094BBB3 /* USForecastsTests.xctest */ = {isa = PBXFileReference; explicitFileType = wrapper.cfbundle; includeInIndex = 0; path = USForecastsTests.xctest; sourceTree = BUILT_PRODUCTS_DIR; };
		87A847BE2AD5D4120094BBB3 /* USForecastsTests.swift */ = {isa = PBXFileReference; lastKnownFileType = sourcecode.swift; path = USForecastsTests.swift; sourceTree = "<group>"; };
		87A847C42AD5D4120094BBB3 /* USForecastsUITests.xctest */ = {isa = PBXFileReference; explicitFileType = wrapper.cfbundle; includeInIndex = 0; path = USForecastsUITests.xctest; sourceTree = BUILT_PRODUCTS_DIR; };
		87A847C82AD5D4120094BBB3 /* USForecastsUITests.swift */ = {isa = PBXFileReference; lastKnownFileType = sourcecode.swift; path = USForecastsUITests.swift; sourceTree = "<group>"; };
		87A847CA2AD5D4120094BBB3 /* USForecastsUITestsLaunchTests.swift */ = {isa = PBXFileReference; lastKnownFileType = sourcecode.swift; path = USForecastsUITestsLaunchTests.swift; sourceTree = "<group>"; };
/* End PBXFileReference section */

/* Begin PBXFrameworksBuildPhase section */
		87A847A32AD5D4110094BBB3 /* Frameworks */ = {
			isa = PBXFrameworksBuildPhase;
			buildActionMask = 2147483647;
			files = (
			);
			runOnlyForDeploymentPostprocessing = 0;
		};
		87A847B72AD5D4120094BBB3 /* Frameworks */ = {
			isa = PBXFrameworksBuildPhase;
			buildActionMask = 2147483647;
			files = (
			);
			runOnlyForDeploymentPostprocessing = 0;
		};
		87A847C12AD5D4120094BBB3 /* Frameworks */ = {
			isa = PBXFrameworksBuildPhase;
			buildActionMask = 2147483647;
			files = (
			);
			runOnlyForDeploymentPostprocessing = 0;
		};
/* End PBXFrameworksBuildPhase section */

/* Begin PBXGroup section */
		87A8479D2AD5D4110094BBB3 = {
			isa = PBXGroup;
			children = (
				87A847A82AD5D4110094BBB3 /* USForecasts */,
				87A847BD2AD5D4120094BBB3 /* USForecastsTests */,
				87A847C72AD5D4120094BBB3 /* USForecastsUITests */,
				87A847A72AD5D4110094BBB3 /* Products */,
			);
			sourceTree = "<group>";
		};
		87A847A72AD5D4110094BBB3 /* Products */ = {
			isa = PBXGroup;
			children = (
				87A847A62AD5D4110094BBB3 /* USForecasts.app */,
				87A847BA2AD5D4120094BBB3 /* USForecastsTests.xctest */,
				87A847C42AD5D4120094BBB3 /* USForecastsUITests.xctest */,
			);
			name = Products;
			sourceTree = "<group>";
		};
		87A847A82AD5D4110094BBB3 /* USForecasts */ = {
			isa = PBXGroup;
			children = (
				87A847A92AD5D4110094BBB3 /* USForecastsApp.swift */,
				87A847AB2AD5D4110094BBB3 /* ContentView.swift */,
				87A847AD2AD5D4110094BBB3 /* Item.swift */,
				87A847AF2AD5D4120094BBB3 /* Assets.xcassets */,
				87A847B42AD5D4120094BBB3 /* USForecasts.entitlements */,
				87A847B52AD5D4120094BBB3 /* Info.plist */,
				87A847B12AD5D4120094BBB3 /* Preview Content */,
			);
			path = USForecasts;
			sourceTree = "<group>";
		};
		87A847B12AD5D4120094BBB3 /* Preview Content */ = {
			isa = PBXGroup;
			children = (
				87A847B22AD5D4120094BBB3 /* Preview Assets.xcassets */,
			);
			path = "Preview Content";
			sourceTree = "<group>";
		};
		87A847BD2AD5D4120094BBB3 /* USForecastsTests */ = {
			isa = PBXGroup;
			children = (
				87A847BE2AD5D4120094BBB3 /* USForecastsTests.swift */,
			);
			path = USForecastsTests;
			sourceTree = "<group>";
		};
		87A847C72AD5D4120094BBB3 /* USForecastsUITests */ = {
			isa = PBXGroup;
			children = (
				87A847C82AD5D4120094BBB3 /* USForecastsUITests.swift */,
				87A847CA2AD5D4120094BBB3 /* USForecastsUITestsLaunchTests.swift */,
			);
			path = USForecastsUITests;
			sourceTree = "<group>";
		};
/* End PBXGroup section */

/* Begin PBXNativeTarget section */
		87A847A52AD5D4110094BBB3 /* USForecasts */ = {
			isa = PBXNativeTarget;
			buildConfigurationList = 87A847CE2AD5D4120094BBB3 /* Build configuration list for PBXNativeTarget "USForecasts" */;
			buildPhases = (
				87A847A22AD5D4110094BBB3 /* Sources */,
				87A847A32AD5D4110094BBB3 /* Frameworks */,
				87A847A42AD5D4110094BBB3 /* Resources */,
			);
			buildRules = (
			);
			dependencies = (
			);
			name = USForecasts;
			productName = USForecasts;
			productReference = 87A847A62AD5D4110094BBB3 /* USForecasts.app */;
			productType = "com.apple.product-type.application";
		};
		87A847B92AD5D4120094BBB3 /* USForecastsTests */ = {
			isa = PBXNativeTarget;
			buildConfigurationList = 87A847D12AD5D4120094BBB3 /* Build configuration list for PBXNativeTarget "USForecastsTests" */;
			buildPhases = (
				87A847B62AD5D4120094BBB3 /* Sources */,
				87A847B72AD5D4120094BBB3 /* Frameworks */,
				87A847B82AD5D4120094BBB3 /* Resources */,
			);
			buildRules = (
			);
			dependencies = (
				87A847BC2AD5D4120094BBB3 /* PBXTargetDependency */,
			);
			name = USForecastsTests;
			productName = USForecastsTests;
			productReference = 87A847BA2AD5D4120094BBB3 /* USForecastsTests.xctest */;
			productType = "com.apple.product-type.bundle.unit-test";
		};
		87A847C32AD5D4120094BBB3 /* USForecastsUITests */ = {
			isa = PBXNativeTarget;
			buildConfigurationList = 87A847D42AD5D4120094BBB3 /* Build configuration list for PBXNativeTarget "USForecastsUITests" */;
			buildPhases = (
				87A847C02AD5D4120094BBB3 /* Sources */,
				87A847C12AD5D4120094BBB3 /* Frameworks */,
				87A847C22AD5D4120094BBB3 /* Resources */,
			);
			buildRules = (
			);
			dependencies = (
				87A847C62AD5D4120094BBB3 /* PBXTargetDependency */,
			);
			name = USForecastsUITests;
			productName = USForecastsUITests;
			productReference = 87A847C42AD5D4120094BBB3 /* USForecastsUITests.xctest */;
			productType = "com.apple.product-type.bundle.ui-testing";
		};
/* End PBXNativeTarget section */

/* Begin PBXProject section */
		87A8479E2AD5D4110094BBB3 /* Project object */ = {
			isa = PBXProject;
			attributes = {
				BuildIndependentTargetsInParallel = 1;
				LastSwiftUpdateCheck = 1500;
				LastUpgradeCheck = 1500;
				TargetAttributes = {
					87A847A52AD5D4110094BBB3 = {
						CreatedOnToolsVersion = 15.0;
					};
					87A847B92AD5D4120094BBB3 = {
						CreatedOnToolsVersion = 15.0;
						TestTargetID = 87A847A52AD5D4110094BBB3;
					};
					87A847C32AD5D4120094BBB3 = {
						CreatedOnToolsVersion = 15.0;
						TestTargetID = 87A847A52AD5D4110094BBB3;
					};
				};
			};
			buildConfigurationList = 87A847A12AD5D4110094BBB3 /* Build configuration list for PBXProject "USForecasts" */;
			compatibilityVersion = "Xcode 14.0";
			developmentRegion = en;
			hasScannedForEncodings = 0;
			knownRegions = (
				en,
				Base,
			);
			mainGroup = 87A8479D2AD5D4110094BBB3;
			productRefGroup = 87A847A72AD5D4110094BBB3 /* Products */;
			projectDirPath = "";
			projectRoot = "";
			targets = (
				87A847A52AD5D4110094BBB3 /* USForecasts */,
				87A847B92AD5D4120094BBB3 /* USForecastsTests */,
				87A847C32AD5D4120094BBB3 /* USForecastsUITests */,
			);
		};
/* End PBXProject section */

/* Begin PBXResourcesBuildPhase section */
		87A847A42AD5D4110094BBB3 /* Resources */ = {
			isa = PBXResourcesBuildPhase;
			buildActionMask = 2147483647;
			files = (
				87A847B32AD5D4120094BBB3 /* Preview Assets.xcassets in Resources */,
				87A847B02AD5D4120094BBB3 /* Assets.xcassets in Resources */,
			);
			runOnlyForDeploymentPostprocessing = 0;
		};
		87A847B82AD5D4120094BBB3 /* Resources */ = {
			isa = PBXResourcesBuildPhase;
			buildActionMask = 2147483647;
			files = (
			);
			runOnlyForDeploymentPostprocessing = 0;
		};
		87A847C22AD5D4120094BBB3 /* Resources */ = {
			isa = PBXResourcesBuildPhase;
			buildActionMask = 2147483647;
			files = (
			);
			runOnlyForDeploymentPostprocessing = 0;
		};
/* End PBXResourcesBuildPhase section */

/* Begin PBXSourcesBuildPhase section */
		87A847A22AD5D4110094BBB3 /* Sources */ = {
			isa = PBXSourcesBuildPhase;
			buildActionMask = 2147483647;
			files = (
				87A847AC2AD5D4110094BBB3 /* ContentView.swift in Sources */,
				87A847AE2AD5D4110094BBB3 /* Item.swift in Sources */,
				87A847AA2AD5D4110094BBB3 /* USForecastsApp.swift in Sources */,
			);
			runOnlyForDeploymentPostprocessing = 0;
		};
		87A847B62AD5D4120094BBB3 /* Sources */ = {
			isa = PBXSourcesBuildPhase;
			buildActionMask = 2147483647;
			files = (
				87A847BF2AD5D4120094BBB3 /* USForecastsTests.swift in Sources */,
			);
			runOnlyForDeploymentPostprocessing = 0;
		};
		87A847C02AD5D4120094BBB3 /* Sources */ = {
			isa = PBXSourcesBuildPhase;
			buildActionMask = 2147483647;
			files = (
				87A847C92AD5D4120094BBB3 /* USForecastsUITests.swift in Sources */,
				87A847CB2AD5D4120094BBB3 /* USForecastsUITestsLaunchTests.swift in Sources */,
			);
			runOnlyForDeploymentPostprocessing = 0;
		};
/* End PBXSourcesBuildPhase section */

/* Begin PBXTargetDependency section */
		87A847BC2AD5D4120094BBB3 /* PBXTargetDependency */ = {
			isa = PBXTargetDependency;
			target = 87A847A52AD5D4110094BBB3 /* USForecasts */;
			targetProxy = 87A847BB2AD5D4120094BBB3 /* PBXContainerItemProxy */;
		};
		87A847C62AD5D4120094BBB3 /* PBXTargetDependency */ = {
			isa = PBXTargetDependency;
			target = 87A847A52AD5D4110094BBB3 /* USForecasts */;
			targetProxy = 87A847C52AD5D4120094BBB3 /* PBXContainerItemProxy */;
		};
/* End PBXTargetDependency section */

/* Begin XCBuildConfiguration section */
		87A847CC2AD5D4120094BBB3 /* Debug */ = {
			isa = XCBuildConfiguration;
			buildSettings = {
				ALWAYS_SEARCH_USER_PATHS = NO;
				ASSETCATALOG_COMPILER_GENERATE_SWIFT_ASSET_SYMBOL_EXTENSIONS = YES;
				CLANG_ANALYZER_NONNULL = YES;
				CLANG_ANALYZER_NUMBER_OBJECT_CONVERSION = YES_AGGRESSIVE;
				CLANG_CXX_LANGUAGE_STANDARD = "gnu++20";
				CLANG_ENABLE_MODULES = YES;
				CLANG_ENABLE_OBJC_ARC = YES;
				CLANG_ENABLE_OBJC_WEAK = YES;
				CLANG_WARN_BLOCK_CAPTURE_AUTORELEASING = YES;
				CLANG_WARN_BOOL_CONVERSION = YES;
				CLANG_WARN_COMMA = YES;
				CLANG_WARN_CONSTANT_CONVERSION = YES;
				CLANG_WARN_DEPRECATED_OBJC_IMPLEMENTATIONS = YES;
				CLANG_WARN_DIRECT_OBJC_ISA_USAGE = YES_ERROR;
				CLANG_WARN_DOCUMENTATION_COMMENTS = YES;
				CLANG_WARN_EMPTY_BODY = YES;
				CLANG_WARN_ENUM_CONVERSION = YES;
				CLANG_WARN_INFINITE_RECURSION = YES;
				CLANG_WARN_INT_CONVERSION = YES;
				CLANG_WARN_NON_LITERAL_NULL_CONVERSION = YES;
				CLANG_WARN_OBJC_IMPLICIT_RETAIN_SELF = YES;
				CLANG_WARN_OBJC_LITERAL_CONVERSION = YES;
				CLANG_WARN_OBJC_ROOT_CLASS = YES_ERROR;
				CLANG_WARN_QUOTED_INCLUDE_IN_FRAMEWORK_HEADER = YES;
				CLANG_WARN_RANGE_LOOP_ANALYSIS = YES;
				CLANG_WARN_STRICT_PROTOTYPES = YES;
				CLANG_WARN_SUSPICIOUS_MOVE = YES;
				CLANG_WARN_UNGUARDED_AVAILABILITY = YES_AGGRESSIVE;
				CLANG_WARN_UNREACHABLE_CODE = YES;
				CLANG_WARN__DUPLICATE_METHOD_MATCH = YES;
				COPY_PHASE_STRIP = NO;
				DEBUG_INFORMATION_FORMAT = dwarf;
				ENABLE_STRICT_OBJC_MSGSEND = YES;
				ENABLE_TESTABILITY = YES;
				ENABLE_USER_SCRIPT_SANDBOXING = YES;
				GCC_C_LANGUAGE_STANDARD = gnu17;
				GCC_DYNAMIC_NO_PIC = NO;
				GCC_NO_COMMON_BLOCKS = YES;
				GCC_OPTIMIZATION_LEVEL = 0;
				GCC_PREPROCESSOR_DEFINITIONS = (
					"DEBUG=1",
					"$(inherited)",
				);
				GCC_WARN_64_TO_32_BIT_CONVERSION = YES;
				GCC_WARN_ABOUT_RETURN_TYPE = YES_ERROR;
				GCC_WARN_UNDECLARED_SELECTOR = YES;
				GCC_WARN_UNINITIALIZED_AUTOS = YES_AGGRESSIVE;
				GCC_WARN_UNUSED_FUNCTION = YES;
				GCC_WARN_UNUSED_VARIABLE = YES;
				IPHONEOS_DEPLOYMENT_TARGET = 17.0;
				LOCALIZATION_PREFERS_STRING_CATALOGS = YES;
				MTL_ENABLE_DEBUG_INFO = INCLUDE_SOURCE;
				MTL_FAST_MATH = YES;
				ONLY_ACTIVE_ARCH = YES;
				SDKROOT = iphoneos;
				SWIFT_ACTIVE_COMPILATION_CONDITIONS = "DEBUG $(inherited)";
				SWIFT_OPTIMIZATION_LEVEL = "-Onone";
			};
			name = Debug;
		};
		87A847CD2AD5D4120094BBB3 /* Release */ = {
			isa = XCBuildConfiguration;
			buildSettings = {
				ALWAYS_SEARCH_USER_PATHS = NO;
				ASSETCATALOG_COMPILER_GENERATE_SWIFT_ASSET_SYMBOL_EXTENSIONS = YES;
				CLANG_ANALYZER_NONNULL = YES;
				CLANG_ANALYZER_NUMBER_OBJECT_CONVERSION = YES_AGGRESSIVE;
				CLANG_CXX_LANGUAGE_STANDARD = "gnu++20";
				CLANG_ENABLE_MODULES = YES;
				CLANG_ENABLE_OBJC_ARC = YES;
				CLANG_ENABLE_OBJC_WEAK = YES;
				CLANG_WARN_BLOCK_CAPTURE_AUTORELEASING = YES;
				CLANG_WARN_BOOL_CONVERSION = YES;
				CLANG_WARN_COMMA = YES;
				CLANG_WARN_CONSTANT_CONVERSION = YES;
				CLANG_WARN_DEPRECATED_OBJC_IMPLEMENTATIONS = YES;
				CLANG_WARN_DIRECT_OBJC_ISA_USAGE = YES_ERROR;
				CLANG_WARN_DOCUMENTATION_COMMENTS = YES;
				CLANG_WARN_EMPTY_BODY = YES;
				CLANG_WARN_ENUM_CONVERSION = YES;
				CLANG_WARN_INFINITE_RECURSION = YES;
				CLANG_WARN_INT_CONVERSION = YES;
				CLANG_WARN_NON_LITERAL_NULL_CONVERSION = YES;
				CLANG_WARN_OBJC_IMPLICIT_RETAIN_SELF = YES;
				CLANG_WARN_OBJC_LITERAL_CONVERSION = YES;
				CLANG_WARN_OBJC_ROOT_CLASS = YES_ERROR;
				CLANG_WARN_QUOTED_INCLUDE_IN_FRAMEWORK_HEADER = YES;
				CLANG_WARN_RANGE_LOOP_ANALYSIS = YES;
				CLANG_WARN_STRICT_PROTOTYPES = YES;
				CLANG_WARN_SUSPICIOUS_MOVE = YES;
				CLANG_WARN_UNGUARDED_AVAILABILITY = YES_AGGRESSIVE;
				CLANG_WARN_UNREACHABLE_CODE = YES;
				CLANG_WARN__DUPLICATE_METHOD_MATCH = YES;
				COPY_PHASE_STRIP = NO;
				DEBUG_INFORMATION_FORMAT = "dwarf-with-dsym";
				ENABLE_NS_ASSERTIONS = NO;
				ENABLE_STRICT_OBJC_MSGSEND = YES;
				ENABLE_USER_SCRIPT_SANDBOXING = YES;
				GCC_C_LANGUAGE_STANDARD = gnu17;
				GCC_NO_COMMON_BLOCKS = YES;
				GCC_WARN_64_TO_32_BIT_CONVERSION = YES;
				GCC_WARN_ABOUT_RETURN_TYPE = YES_ERROR;
				GCC_WARN_UNDECLARED_SELECTOR = YES;
				GCC_WARN_UNINITIALIZED_AUTOS = YES_AGGRESSIVE;
				GCC_WARN_UNUSED_FUNCTION = YES;
				GCC_WARN_UNUSED_VARIABLE = YES;
				IPHONEOS_DEPLOYMENT_TARGET = 17.0;
				LOCALIZATION_PREFERS_STRING_CATALOGS = YES;
				MTL_ENABLE_DEBUG_INFO = NO;
				MTL_FAST_MATH = YES;
				SDKROOT = iphoneos;
				SWIFT_COMPILATION_MODE = wholemodule;
				VALIDATE_PRODUCT = YES;
			};
			name = Release;
		};
		87A847CF2AD5D4120094BBB3 /* Debug */ = {
			isa = XCBuildConfiguration;
			buildSettings = {
				ASSETCATALOG_COMPILER_APPICON_NAME = AppIcon;
				ASSETCATALOG_COMPILER_GLOBAL_ACCENT_COLOR_NAME = AccentColor;
				CODE_SIGN_ENTITLEMENTS = USForecasts/USForecasts.entitlements;
				CODE_SIGN_STYLE = Automatic;
				CURRENT_PROJECT_VERSION = 1;
				DEVELOPMENT_ASSET_PATHS = "\"USForecasts/Preview Content\"";
				DEVELOPMENT_TEAM = 33MAXP8MNQ;
				ENABLE_PREVIEWS = YES;
				GENERATE_INFOPLIST_FILE = YES;
				INFOPLIST_FILE = USForecasts/Info.plist;
				INFOPLIST_KEY_UIApplicationSceneManifest_Generation = YES;
				INFOPLIST_KEY_UIApplicationSupportsIndirectInputEvents = YES;
				INFOPLIST_KEY_UILaunchScreen_Generation = YES;
				INFOPLIST_KEY_UISupportedInterfaceOrientations_iPad = "UIInterfaceOrientationPortrait UIInterfaceOrientationPortraitUpsideDown UIInterfaceOrientationLandscapeLeft UIInterfaceOrientationLandscapeRight";
				INFOPLIST_KEY_UISupportedInterfaceOrientations_iPhone = "UIInterfaceOrientationPortrait UIInterfaceOrientationLandscapeLeft UIInterfaceOrientationLandscapeRight";
				LD_RUNPATH_SEARCH_PATHS = (
					"$(inherited)",
					"@executable_path/Frameworks",
				);
				MARKETING_VERSION = 1.0;
				PRODUCT_BUNDLE_IDENTIFIER = com.jasonkoehn.USForecasts;
				PRODUCT_NAME = "$(TARGET_NAME)";
				SWIFT_EMIT_LOC_STRINGS = YES;
				SWIFT_VERSION = 5.0;
				TARGETED_DEVICE_FAMILY = "1,2";
			};
			name = Debug;
		};
		87A847D02AD5D4120094BBB3 /* Release */ = {
			isa = XCBuildConfiguration;
			buildSettings = {
				ASSETCATALOG_COMPILER_APPICON_NAME = AppIcon;
				ASSETCATALOG_COMPILER_GLOBAL_ACCENT_COLOR_NAME = AccentColor;
				CODE_SIGN_ENTITLEMENTS = USForecasts/USForecasts.entitlements;
				CODE_SIGN_STYLE = Automatic;
				CURRENT_PROJECT_VERSION = 1;
				DEVELOPMENT_ASSET_PATHS = "\"USForecasts/Preview Content\"";
				DEVELOPMENT_TEAM = 33MAXP8MNQ;
				ENABLE_PREVIEWS = YES;
				GENERATE_INFOPLIST_FILE = YES;
				INFOPLIST_FILE = USForecasts/Info.plist;
				INFOPLIST_KEY_UIApplicationSceneManifest_Generation = YES;
				INFOPLIST_KEY_UIApplicationSupportsIndirectInputEvents = YES;
				INFOPLIST_KEY_UILaunchScreen_Generation = YES;
				INFOPLIST_KEY_UISupportedInterfaceOrientations_iPad = "UIInterfaceOrientationPortrait UIInterfaceOrientationPortraitUpsideDown UIInterfaceOrientationLandscapeLeft UIInterfaceOrientationLandscapeRight";
				INFOPLIST_KEY_UISupportedInterfaceOrientations_iPhone = "UIInterfaceOrientationPortrait UIInterfaceOrientationLandscapeLeft UIInterfaceOrientationLandscapeRight";
				LD_RUNPATH_SEARCH_PATHS = (
					"$(inherited)",
					"@executable_path/Frameworks",
				);
				MARKETING_VERSION = 1.0;
				PRODUCT_BUNDLE_IDENTIFIER = com.jasonkoehn.USForecasts;
				PRODUCT_NAME = "$(TARGET_NAME)";
				SWIFT_EMIT_LOC_STRINGS = YES;
				SWIFT_VERSION = 5.0;
				TARGETED_DEVICE_FAMILY = "1,2";
			};
			name = Release;
		};
		87A847D22AD5D4120094BBB3 /* Debug */ = {
			isa = XCBuildConfiguration;
			buildSettings = {
				ALWAYS_EMBED_SWIFT_STANDARD_LIBRARIES = YES;
				BUNDLE_LOADER = "$(TEST_HOST)";
				CODE_SIGN_STYLE = Automatic;
				CURRENT_PROJECT_VERSION = 1;
				DEVELOPMENT_TEAM = 33MAXP8MNQ;
				GENERATE_INFOPLIST_FILE = YES;
				IPHONEOS_DEPLOYMENT_TARGET = 17.0;
				MARKETING_VERSION = 1.0;
				PRODUCT_BUNDLE_IDENTIFIER = com.jasonkoehn.USForecastsTests;
				PRODUCT_NAME = "$(TARGET_NAME)";
				SWIFT_EMIT_LOC_STRINGS = NO;
				SWIFT_VERSION = 5.0;
				TARGETED_DEVICE_FAMILY = "1,2";
				TEST_HOST = "$(BUILT_PRODUCTS_DIR)/USForecasts.app/$(BUNDLE_EXECUTABLE_FOLDER_PATH)/USForecasts";
			};
			name = Debug;
		};
		87A847D32AD5D4120094BBB3 /* Release */ = {
			isa = XCBuildConfiguration;
			buildSettings = {
				ALWAYS_EMBED_SWIFT_STANDARD_LIBRARIES = YES;
				BUNDLE_LOADER = "$(TEST_HOST)";
				CODE_SIGN_STYLE = Automatic;
				CURRENT_PROJECT_VERSION = 1;
				DEVELOPMENT_TEAM = 33MAXP8MNQ;
				GENERATE_INFOPLIST_FILE = YES;
				IPHONEOS_DEPLOYMENT_TARGET = 17.0;
				MARKETING_VERSION = 1.0;
				PRODUCT_BUNDLE_IDENTIFIER = com.jasonkoehn.USForecastsTests;
				PRODUCT_NAME = "$(TARGET_NAME)";
				SWIFT_EMIT_LOC_STRINGS = NO;
				SWIFT_VERSION = 5.0;
				TARGETED_DEVICE_FAMILY = "1,2";
				TEST_HOST = "$(BUILT_PRODUCTS_DIR)/USForecasts.app/$(BUNDLE_EXECUTABLE_FOLDER_PATH)/USForecasts";
			};
			name = Release;
		};
		87A847D52AD5D4120094BBB3 /* Debug */ = {
			isa = XCBuildConfiguration;
			buildSettings = {
				ALWAYS_EMBED_SWIFT_STANDARD_LIBRARIES = YES;
				CODE_SIGN_STYLE = Automatic;
				CURRENT_PROJECT_VERSION = 1;
				DEVELOPMENT_TEAM = 33MAXP8MNQ;
				GENERATE_INFOPLIST_FILE = YES;
				MARKETING_VERSION = 1.0;
				PRODUCT_BUNDLE_IDENTIFIER = com.jasonkoehn.USForecastsUITests;
				PRODUCT_NAME = "$(TARGET_NAME)";
				SWIFT_EMIT_LOC_STRINGS = NO;
				SWIFT_VERSION = 5.0;
				TARGETED_DEVICE_FAMILY = "1,2";
				TEST_TARGET_NAME = USForecasts;
			};
			name = Debug;
		};
		87A847D62AD5D4120094BBB3 /* Release */ = {
			isa = XCBuildConfiguration;
			buildSettings = {
				ALWAYS_EMBED_SWIFT_STANDARD_LIBRARIES = YES;
				CODE_SIGN_STYLE = Automatic;
				CURRENT_PROJECT_VERSION = 1;
				DEVELOPMENT_TEAM = 33MAXP8MNQ;
				GENERATE_INFOPLIST_FILE = YES;
				MARKETING_VERSION = 1.0;
				PRODUCT_BUNDLE_IDENTIFIER = com.jasonkoehn.USForecastsUITests;
				PRODUCT_NAME = "$(TARGET_NAME)";
				SWIFT_EMIT_LOC_STRINGS = NO;
				SWIFT_VERSION = 5.0;
				TARGETED_DEVICE_FAMILY = "1,2";
				TEST_TARGET_NAME = USForecasts;
			};
			name = Release;
		};
/* End XCBuildConfiguration section */

/* Begin XCConfigurationList section */
		87A847A12AD5D4110094BBB3 /* Build configuration list for PBXProject "USForecasts" */ = {
			isa = XCConfigurationList;
			buildConfigurations = (
				87A847CC2AD5D4120094BBB3 /* Debug */,
				87A847CD2AD5D4120094BBB3 /* Release */,
			);
			defaultConfigurationIsVisible = 0;
			defaultConfigurationName = Release;
		};
		87A847CE2AD5D4120094BBB3 /* Build configuration list for PBXNativeTarget "USForecasts" */ = {
			isa = XCConfigurationList;
			buildConfigurations = (
				87A847CF2AD5D4120094BBB3 /* Debug */,
				87A847D02AD5D4120094BBB3 /* Release */,
			);
			defaultConfigurationIsVisible = 0;
			defaultConfigurationName = Release;
		};
		87A847D12AD5D4120094BBB3 /* Build configuration list for PBXNativeTarget "USForecastsTests" */ = {
			isa = XCConfigurationList;
			buildConfigurations = (
				87A847D22AD5D4120094BBB3 /* Debug */,
				87A847D32AD5D4120094BBB3 /* Release */,
			);
			defaultConfigurationIsVisible = 0;
			defaultConfigurationName = Release;
		};
		87A847D42AD5D4120094BBB3 /* Build configuration list for PBXNativeTarget "USForecastsUITests" */ = {
			isa = XCConfigurationList;
			buildConfigurations = (
				87A847D52AD5D4120094BBB3 /* Debug */,
				87A847D62AD5D4120094BBB3 /* Release */,
			);
			defaultConfigurationIsVisible = 0;
			defaultConfigurationName = Release;
		};
/* End XCConfigurationList section */
	};
	rootObject = 87A8479E2AD5D4110094BBB3 /* Project object */;
}
